
Microsoft Visual Studio Solution File, Format Version 12.00
# Visual Studio Version 17
VisualStudioVersion = 17.4.33213.308
MinimumVisualStudioVersion = 10.0.40219.1
Project("{FAE04EC0-301F-11D3-BF4B-00C04F79EFBC}") = "ПрР1_Червов", "ПрР1_Червов\ПрР1_Червов.csproj", "{56B0AEFE-5061-4D56-A0E7-4C31FA8268FA}"
EndProject
Project("{FAE04EC0-301F-11D3-BF4B-00C04F79EFBC}") = "matrixUnitTest", "matrixUnitTest\matrixUnitTest.csproj", "{40370AE1-ADA2-45CA-B133-D39DFBD30025}"
EndProject
Global
	GlobalSection(SolutionConfigurationPlatforms) = preSolution
		Debug|Any CPU = Debug|Any CPU
		Release|Any CPU = Release|Any CPU
	EndGlobalSection
	GlobalSection(ProjectConfigurationPlatforms) = postSolution
		{56B0AEFE-5061-4D56-A0E7-4C31FA8268FA}.Debug|Any CPU.ActiveCfg = Debug|Any CPU
		{56B0AEFE-5061-4D56-A0E7-4C31FA8268FA}.Debug|Any CPU.Build.0 = Debug|Any CPU
		{56B0AEFE-5061-4D56-A0E7-4C31FA8268FA}.Release|Any CPU.ActiveCfg = Release|Any CPU
		{56B0AEFE-5061-4D56-A0E7-4C31FA8268FA}.Release|Any CPU.Build.0 = Release|Any CPU
		{40370AE1-ADA2-45CA-B133-D39DFBD30025}.Debug|Any CPU.ActiveCfg = Debug|Any CPU
		{40370AE1-ADA2-45CA-B133-D39DFBD30025}.Debug|Any CPU.Build.0 = Debug|Any CPU
		{40370AE1-ADA2-45CA-B133-D39DFBD30025}.Release|Any CPU.ActiveCfg = Release|Any CPU
		{40370AE1-ADA2-45CA-B133-D39DFBD30025}.Release|Any CPU.Build.0 = Release|Any CPU
	EndGlobalSection
	GlobalSection(SolutionProperties) = preSolution
		HideSolutionNode = FALSE
	EndGlobalSection
	GlobalSection(ExtensibilityGlobals) = postSolution
		SolutionGuid = {D335A235-A2E7-423C-A218-2FCB904742F5}
	EndGlobalSection
EndGlobal
